
Microsoft Visual Studio Solution File, Format Version 12.00
# Visual Studio Version 16
VisualStudioVersion = 16.0.30804.86
MinimumVisualStudioVersion = 10.0.40219.1
Project("{FAE04EC0-301F-11D3-BF4B-00C04F79EFBC}") = "UD04_Ej13", "UD04_Ej13\UD04_Ej13.csproj", "{B0281A43-E87B-4C50-B443-64B788C6C5E7}"
EndProject
Global
	GlobalSection(SolutionConfigurationPlatforms) = preSolution
		Debug|Any CPU = Debug|Any CPU
		Release|Any CPU = Release|Any CPU
	EndGlobalSection
	GlobalSection(ProjectConfigurationPlatforms) = postSolution
		{B0281A43-E87B-4C50-B443-64B788C6C5E7}.Debug|Any CPU.ActiveCfg = Debug|Any CPU
		{B0281A43-E87B-4C50-B443-64B788C6C5E7}.Debug|Any CPU.Build.0 = Debug|Any CPU
		{B0281A43-E87B-4C50-B443-64B788C6C5E7}.Release|Any CPU.ActiveCfg = Release|Any CPU
		{B0281A43-E87B-4C50-B443-64B788C6C5E7}.Release|Any CPU.Build.0 = Release|Any CPU
	EndGlobalSection
	GlobalSection(SolutionProperties) = preSolution
		HideSolutionNode = FALSE
	EndGlobalSection
	GlobalSection(ExtensibilityGlobals) = postSolution
		SolutionGuid = {2B450F9C-253B-4D5B-AA4B-DA4C9DEEB2D0}
	EndGlobalSection
EndGlobal
