
Microsoft Visual Studio Solution File, Format Version 12.00
# Visual Studio Version 16
VisualStudioVersion = 16.0.30804.86
MinimumVisualStudioVersion = 10.0.40219.1
Project("{FAE04EC0-301F-11D3-BF4B-00C04F79EFBC}") = "UD04_Ej22", "UD04_Ej22\UD04_Ej22.csproj", "{0957BCA8-EBD5-436F-848B-3048A832B62B}"
EndProject
Global
	GlobalSection(SolutionConfigurationPlatforms) = preSolution
		Debug|Any CPU = Debug|Any CPU
		Release|Any CPU = Release|Any CPU
	EndGlobalSection
	GlobalSection(ProjectConfigurationPlatforms) = postSolution
		{0957BCA8-EBD5-436F-848B-3048A832B62B}.Debug|Any CPU.ActiveCfg = Debug|Any CPU
		{0957BCA8-EBD5-436F-848B-3048A832B62B}.Debug|Any CPU.Build.0 = Debug|Any CPU
		{0957BCA8-EBD5-436F-848B-3048A832B62B}.Release|Any CPU.ActiveCfg = Release|Any CPU
		{0957BCA8-EBD5-436F-848B-3048A832B62B}.Release|Any CPU.Build.0 = Release|Any CPU
	EndGlobalSection
	GlobalSection(SolutionProperties) = preSolution
		HideSolutionNode = FALSE
	EndGlobalSection
	GlobalSection(ExtensibilityGlobals) = postSolution
		SolutionGuid = {533257E4-CAB8-45CC-B0FF-C0B4E90113DC}
	EndGlobalSection
EndGlobal
