
Microsoft Visual Studio Solution File, Format Version 12.00
# Visual Studio Version 16
VisualStudioVersion = 16.0.30804.86
MinimumVisualStudioVersion = 10.0.40219.1
Project("{FAE04EC0-301F-11D3-BF4B-00C04F79EFBC}") = "UD04_Ej10", "UD04_Ej10\UD04_Ej10.csproj", "{40E76087-54CD-4C62-B6CE-D31B1EA51AF0}"
EndProject
Global
	GlobalSection(SolutionConfigurationPlatforms) = preSolution
		Debug|Any CPU = Debug|Any CPU
		Release|Any CPU = Release|Any CPU
	EndGlobalSection
	GlobalSection(ProjectConfigurationPlatforms) = postSolution
		{40E76087-54CD-4C62-B6CE-D31B1EA51AF0}.Debug|Any CPU.ActiveCfg = Debug|Any CPU
		{40E76087-54CD-4C62-B6CE-D31B1EA51AF0}.Debug|Any CPU.Build.0 = Debug|Any CPU
		{40E76087-54CD-4C62-B6CE-D31B1EA51AF0}.Release|Any CPU.ActiveCfg = Release|Any CPU
		{40E76087-54CD-4C62-B6CE-D31B1EA51AF0}.Release|Any CPU.Build.0 = Release|Any CPU
	EndGlobalSection
	GlobalSection(SolutionProperties) = preSolution
		HideSolutionNode = FALSE
	EndGlobalSection
	GlobalSection(ExtensibilityGlobals) = postSolution
		SolutionGuid = {616EB784-A4B2-41DD-B72C-4C3D722E5721}
	EndGlobalSection
EndGlobal
