
Microsoft Visual Studio Solution File, Format Version 12.00
# Visual Studio Version 16
VisualStudioVersion = 16.0.30804.86
MinimumVisualStudioVersion = 10.0.40219.1
Project("{FAE04EC0-301F-11D3-BF4B-00C04F79EFBC}") = "UD04_Ej2", "UD04_Ej2\UD04_Ej2.csproj", "{93770E51-D082-40BF-B5B8-9656F4DAF970}"
EndProject
Global
	GlobalSection(SolutionConfigurationPlatforms) = preSolution
		Debug|Any CPU = Debug|Any CPU
		Release|Any CPU = Release|Any CPU
	EndGlobalSection
	GlobalSection(ProjectConfigurationPlatforms) = postSolution
		{93770E51-D082-40BF-B5B8-9656F4DAF970}.Debug|Any CPU.ActiveCfg = Debug|Any CPU
		{93770E51-D082-40BF-B5B8-9656F4DAF970}.Debug|Any CPU.Build.0 = Debug|Any CPU
		{93770E51-D082-40BF-B5B8-9656F4DAF970}.Release|Any CPU.ActiveCfg = Release|Any CPU
		{93770E51-D082-40BF-B5B8-9656F4DAF970}.Release|Any CPU.Build.0 = Release|Any CPU
	EndGlobalSection
	GlobalSection(SolutionProperties) = preSolution
		HideSolutionNode = FALSE
	EndGlobalSection
	GlobalSection(ExtensibilityGlobals) = postSolution
		SolutionGuid = {017E76D5-21FA-4272-A606-CF82C66A80F9}
	EndGlobalSection
EndGlobal
