
Microsoft Visual Studio Solution File, Format Version 12.00
# Visual Studio Version 16
VisualStudioVersion = 16.0.30804.86
MinimumVisualStudioVersion = 10.0.40219.1
Project("{FAE04EC0-301F-11D3-BF4B-00C04F79EFBC}") = "UD04_Ej9", "UD04_Ej9\UD04_Ej9.csproj", "{D6D66CAB-5B82-46E0-ABBE-48092B9964AB}"
EndProject
Global
	GlobalSection(SolutionConfigurationPlatforms) = preSolution
		Debug|Any CPU = Debug|Any CPU
		Release|Any CPU = Release|Any CPU
	EndGlobalSection
	GlobalSection(ProjectConfigurationPlatforms) = postSolution
		{D6D66CAB-5B82-46E0-ABBE-48092B9964AB}.Debug|Any CPU.ActiveCfg = Debug|Any CPU
		{D6D66CAB-5B82-46E0-ABBE-48092B9964AB}.Debug|Any CPU.Build.0 = Debug|Any CPU
		{D6D66CAB-5B82-46E0-ABBE-48092B9964AB}.Release|Any CPU.ActiveCfg = Release|Any CPU
		{D6D66CAB-5B82-46E0-ABBE-48092B9964AB}.Release|Any CPU.Build.0 = Release|Any CPU
	EndGlobalSection
	GlobalSection(SolutionProperties) = preSolution
		HideSolutionNode = FALSE
	EndGlobalSection
	GlobalSection(ExtensibilityGlobals) = postSolution
		SolutionGuid = {0C3DF26E-75B5-40E7-A51B-95B5CC48954E}
	EndGlobalSection
EndGlobal
